// !$*UTF8*$!
{
	archiveVersion = 1;
	classes = {
	};
	objectVersion = 50;
	objects = {

/* Begin PBXBuildFile section */
		08D205F1DF30F1461B885649 /* Pods_ExamTask.framework in Frameworks */ = {isa = PBXBuildFile; fileRef = 1247751E2AC8D72E9FB68CF6 /* Pods_ExamTask.framework */; };
		8727C51320E3A3CE004DB06B /* AppDelegate.m in Sources */ = {isa = PBXBuildFile; fileRef = 8727C51220E3A3CE004DB06B /* AppDelegate.m */; };
		8727C51B20E3A3D8004DB06B /* Assets.xcassets in Resources */ = {isa = PBXBuildFile; fileRef = 8727C51A20E3A3D8004DB06B /* Assets.xcassets */; };
		8727C51E20E3A3D9004DB06B /* LaunchScreen.storyboard in Resources */ = {isa = PBXBuildFile; fileRef = 8727C51C20E3A3D9004DB06B /* LaunchScreen.storyboard */; };
		8727C52120E3A3D9004DB06B /* main.m in Sources */ = {isa = PBXBuildFile; fileRef = 8727C52020E3A3D9004DB06B /* main.m */; };
		876D16F820E3A88000E2AE9F /* MainViewController.m in Sources */ = {isa = PBXBuildFile; fileRef = 876D16F620E3A88000E2AE9F /* MainViewController.m */; };
		876D16F920E3A88000E2AE9F /* MainViewController.xib in Resources */ = {isa = PBXBuildFile; fileRef = 876D16F720E3A88000E2AE9F /* MainViewController.xib */; };
		876D16FE20E3AAD100E2AE9F /* DataLoader.m in Sources */ = {isa = PBXBuildFile; fileRef = 876D16FD20E3AAD100E2AE9F /* DataLoader.m */; };
		876D170220E3B1F500E2AE9F /* TableViewController.m in Sources */ = {isa = PBXBuildFile; fileRef = 876D170020E3B1F500E2AE9F /* TableViewController.m */; };
		876D170320E3B1F500E2AE9F /* TableViewController.xib in Resources */ = {isa = PBXBuildFile; fileRef = 876D170120E3B1F500E2AE9F /* TableViewController.xib */; };
		876D170920E3E13A00E2AE9F /* DetailViewController.m in Sources */ = {isa = PBXBuildFile; fileRef = 876D170720E3E13A00E2AE9F /* DetailViewController.m */; };
		876D170A20E3E13A00E2AE9F /* DetailViewController.xib in Resources */ = {isa = PBXBuildFile; fileRef = 876D170820E3E13A00E2AE9F /* DetailViewController.xib */; };
/* End PBXBuildFile section */

/* Begin PBXFileReference section */
		1247751E2AC8D72E9FB68CF6 /* Pods_ExamTask.framework */ = {isa = PBXFileReference; explicitFileType = wrapper.framework; includeInIndex = 0; path = Pods_ExamTask.framework; sourceTree = BUILT_PRODUCTS_DIR; };
		8727C50E20E3A3CE004DB06B /* ExamTask.app */ = {isa = PBXFileReference; explicitFileType = wrapper.application; includeInIndex = 0; path = ExamTask.app; sourceTree = BUILT_PRODUCTS_DIR; };
		8727C51120E3A3CE004DB06B /* AppDelegate.h */ = {isa = PBXFileReference; lastKnownFileType = sourcecode.c.h; path = AppDelegate.h; sourceTree = "<group>"; };
		8727C51220E3A3CE004DB06B /* AppDelegate.m */ = {isa = PBXFileReference; lastKnownFileType = sourcecode.c.objc; path = AppDelegate.m; sourceTree = "<group>"; };
		8727C51A20E3A3D8004DB06B /* Assets.xcassets */ = {isa = PBXFileReference; lastKnownFileType = folder.assetcatalog; path = Assets.xcassets; sourceTree = "<group>"; };
		8727C51D20E3A3D9004DB06B /* Base */ = {isa = PBXFileReference; lastKnownFileType = file.storyboard; name = Base; path = Base.lproj/LaunchScreen.storyboard; sourceTree = "<group>"; };
		8727C51F20E3A3D9004DB06B /* Info.plist */ = {isa = PBXFileReference; lastKnownFileType = text.plist.xml; path = Info.plist; sourceTree = "<group>"; };
		8727C52020E3A3D9004DB06B /* main.m */ = {isa = PBXFileReference; lastKnownFileType = sourcecode.c.objc; path = main.m; sourceTree = "<group>"; };
		876D16F520E3A88000E2AE9F /* MainViewController.h */ = {isa = PBXFileReference; lastKnownFileType = sourcecode.c.h; path = MainViewController.h; sourceTree = "<group>"; };
		876D16F620E3A88000E2AE9F /* MainViewController.m */ = {isa = PBXFileReference; lastKnownFileType = sourcecode.c.objc; path = MainViewController.m; sourceTree = "<group>"; };
		876D16F720E3A88000E2AE9F /* MainViewController.xib */ = {isa = PBXFileReference; lastKnownFileType = file.xib; path = MainViewController.xib; sourceTree = "<group>"; };
		876D16FC20E3AAD100E2AE9F /* DataLoader.h */ = {isa = PBXFileReference; lastKnownFileType = sourcecode.c.h; path = DataLoader.h; sourceTree = "<group>"; };
		876D16FD20E3AAD100E2AE9F /* DataLoader.m */ = {isa = PBXFileReference; lastKnownFileType = sourcecode.c.objc; path = DataLoader.m; sourceTree = "<group>"; };
		876D16FF20E3B1F500E2AE9F /* TableViewController.h */ = {isa = PBXFileReference; lastKnownFileType = sourcecode.c.h; path = TableViewController.h; sourceTree = "<group>"; };
		876D170020E3B1F500E2AE9F /* TableViewController.m */ = {isa = PBXFileReference; lastKnownFileType = sourcecode.c.objc; path = TableViewController.m; sourceTree = "<group>"; };
		876D170120E3B1F500E2AE9F /* TableViewController.xib */ = {isa = PBXFileReference; lastKnownFileType = file.xib; path = TableViewController.xib; sourceTree = "<group>"; };
		876D170620E3E13A00E2AE9F /* DetailViewController.h */ = {isa = PBXFileReference; lastKnownFileType = sourcecode.c.h; path = DetailViewController.h; sourceTree = "<group>"; };
		876D170720E3E13A00E2AE9F /* DetailViewController.m */ = {isa = PBXFileReference; lastKnownFileType = sourcecode.c.objc; path = DetailViewController.m; sourceTree = "<group>"; };
		876D170820E3E13A00E2AE9F /* DetailViewController.xib */ = {isa = PBXFileReference; lastKnownFileType = file.xib; path = DetailViewController.xib; sourceTree = "<group>"; };
		BBB9EFD69B985373B059F259 /* Pods-ExamTask.release.xcconfig */ = {isa = PBXFileReference; includeInIndex = 1; lastKnownFileType = text.xcconfig; name = "Pods-ExamTask.release.xcconfig"; path = "Pods/Target Support Files/Pods-ExamTask/Pods-ExamTask.release.xcconfig"; sourceTree = "<group>"; };
		CA37C264FFC077CC464500BF /* Pods-ExamTask.debug.xcconfig */ = {isa = PBXFileReference; includeInIndex = 1; lastKnownFileType = text.xcconfig; name = "Pods-ExamTask.debug.xcconfig"; path = "Pods/Target Support Files/Pods-ExamTask/Pods-ExamTask.debug.xcconfig"; sourceTree = "<group>"; };
/* End PBXFileReference section */

/* Begin PBXFrameworksBuildPhase section */
		8727C50B20E3A3CE004DB06B /* Frameworks */ = {
			isa = PBXFrameworksBuildPhase;
			buildActionMask = 2147483647;
			files = (
				08D205F1DF30F1461B885649 /* Pods_ExamTask.framework in Frameworks */,
			);
			runOnlyForDeploymentPostprocessing = 0;
		};
/* End PBXFrameworksBuildPhase section */

/* Begin PBXGroup section */
		8727C50520E3A3CE004DB06B = {
			isa = PBXGroup;
			children = (
				8727C51020E3A3CE004DB06B /* ExamTask */,
				8727C50F20E3A3CE004DB06B /* Products */,
				B88E4651033D2CB112FD161D /* Pods */,
				A28BEC91C18E0FDB4BEF29BB /* Frameworks */,
			);
			sourceTree = "<group>";
		};
		8727C50F20E3A3CE004DB06B /* Products */ = {
			isa = PBXGroup;
			children = (
				8727C50E20E3A3CE004DB06B /* ExamTask.app */,
			);
			name = Products;
			sourceTree = "<group>";
		};
		8727C51020E3A3CE004DB06B /* ExamTask */ = {
			isa = PBXGroup;
			children = (
				8727C51120E3A3CE004DB06B /* AppDelegate.h */,
				8727C51220E3A3CE004DB06B /* AppDelegate.m */,
				876D16FB20E3A8A100E2AE9F /* Main View Controller */,
				876D170B20E3F2FD00E2AE9F /* Table View Controller */,
				876D170C20E3F30C00E2AE9F /* Detail View Controller */,
				876D170D20E3F32100E2AE9F /* Helper */,
				8727C51A20E3A3D8004DB06B /* Assets.xcassets */,
				8727C51C20E3A3D9004DB06B /* LaunchScreen.storyboard */,
				8727C51F20E3A3D9004DB06B /* Info.plist */,
				8727C52020E3A3D9004DB06B /* main.m */,
			);
			path = ExamTask;
			sourceTree = "<group>";
		};
		876D16FB20E3A8A100E2AE9F /* Main View Controller */ = {
			isa = PBXGroup;
			children = (
				876D16F520E3A88000E2AE9F /* MainViewController.h */,
				876D16F620E3A88000E2AE9F /* MainViewController.m */,
				876D16F720E3A88000E2AE9F /* MainViewController.xib */,
			);
			path = "Main View Controller";
			sourceTree = "<group>";
		};
		876D170B20E3F2FD00E2AE9F /* Table View Controller */ = {
			isa = PBXGroup;
			children = (
				876D16FF20E3B1F500E2AE9F /* TableViewController.h */,
				876D170020E3B1F500E2AE9F /* TableViewController.m */,
				876D170120E3B1F500E2AE9F /* TableViewController.xib */,
			);
			path = "Table View Controller";
			sourceTree = "<group>";
		};
		876D170C20E3F30C00E2AE9F /* Detail View Controller */ = {
			isa = PBXGroup;
			children = (
				876D170620E3E13A00E2AE9F /* DetailViewController.h */,
				876D170720E3E13A00E2AE9F /* DetailViewController.m */,
				876D170820E3E13A00E2AE9F /* DetailViewController.xib */,
			);
			path = "Detail View Controller";
			sourceTree = "<group>";
		};
		876D170D20E3F32100E2AE9F /* Helper */ = {
			isa = PBXGroup;
			children = (
				876D16FC20E3AAD100E2AE9F /* DataLoader.h */,
				876D16FD20E3AAD100E2AE9F /* DataLoader.m */,
			);
			path = Helper;
			sourceTree = "<group>";
		};
		A28BEC91C18E0FDB4BEF29BB /* Frameworks */ = {
			isa = PBXGroup;
			children = (
				1247751E2AC8D72E9FB68CF6 /* Pods_ExamTask.framework */,
			);
			name = Frameworks;
			sourceTree = "<group>";
		};
		B88E4651033D2CB112FD161D /* Pods */ = {
			isa = PBXGroup;
			children = (
				CA37C264FFC077CC464500BF /* Pods-ExamTask.debug.xcconfig */,
				BBB9EFD69B985373B059F259 /* Pods-ExamTask.release.xcconfig */,
			);
			name = Pods;
			sourceTree = "<group>";
		};
/* End PBXGroup section */

/* Begin PBXNativeTarget section */
		8727C50D20E3A3CE004DB06B /* ExamTask */ = {
			isa = PBXNativeTarget;
			buildConfigurationList = 8727C52420E3A3D9004DB06B /* Build configuration list for PBXNativeTarget "ExamTask" */;
			buildPhases = (
				31F186A1D57941E54576A204 /* [CP] Check Pods Manifest.lock */,
				8727C50A20E3A3CE004DB06B /* Sources */,
				8727C50B20E3A3CE004DB06B /* Frameworks */,
				8727C50C20E3A3CE004DB06B /* Resources */,
				901C77AA075E26308BA7F693 /* [CP] Embed Pods Frameworks */,
			);
			buildRules = (
			);
			dependencies = (
			);
			name = ExamTask;
			productName = ExamTask;
			productReference = 8727C50E20E3A3CE004DB06B /* ExamTask.app */;
			productType = "com.apple.product-type.application";
		};
/* End PBXNativeTarget section */

/* Begin PBXProject section */
		8727C50620E3A3CE004DB06B /* Project object */ = {
			isa = PBXProject;
			attributes = {
				LastUpgradeCheck = 0940;
				ORGANIZATIONNAME = "Prokopenko George";
				TargetAttributes = {
					8727C50D20E3A3CE004DB06B = {
						CreatedOnToolsVersion = 9.4;
					};
				};
			};
			buildConfigurationList = 8727C50920E3A3CE004DB06B /* Build configuration list for PBXProject "ExamTask" */;
			compatibilityVersion = "Xcode 9.3";
			developmentRegion = en;
			hasScannedForEncodings = 0;
			knownRegions = (
				en,
				Base,
			);
			mainGroup = 8727C50520E3A3CE004DB06B;
			productRefGroup = 8727C50F20E3A3CE004DB06B /* Products */;
			projectDirPath = "";
			projectRoot = "";
			targets = (
				8727C50D20E3A3CE004DB06B /* ExamTask */,
			);
		};
/* End PBXProject section */

/* Begin PBXResourcesBuildPhase section */
		8727C50C20E3A3CE004DB06B /* Resources */ = {
			isa = PBXResourcesBuildPhase;
			buildActionMask = 2147483647;
			files = (
				8727C51E20E3A3D9004DB06B /* LaunchScreen.storyboard in Resources */,
				876D16F920E3A88000E2AE9F /* MainViewController.xib in Resources */,
				876D170A20E3E13A00E2AE9F /* DetailViewController.xib in Resources */,
				8727C51B20E3A3D8004DB06B /* Assets.xcassets in Resources */,
				876D170320E3B1F500E2AE9F /* TableViewController.xib in Resources */,
			);
			runOnlyForDeploymentPostprocessing = 0;
		};
/* End PBXResourcesBuildPhase section */

/* Begin PBXShellScriptBuildPhase section */
		31F186A1D57941E54576A204 /* [CP] Check Pods Manifest.lock */ = {
			isa = PBXShellScriptBuildPhase;
			buildActionMask = 2147483647;
			files = (
			);
			inputPaths = (
				"${PODS_PODFILE_DIR_PATH}/Podfile.lock",
				"${PODS_ROOT}/Manifest.lock",
			);
			name = "[CP] Check Pods Manifest.lock";
			outputPaths = (
				"$(DERIVED_FILE_DIR)/Pods-ExamTask-checkManifestLockResult.txt",
			);
			runOnlyForDeploymentPostprocessing = 0;
			shellPath = /bin/sh;
			shellScript = "diff \"${PODS_PODFILE_DIR_PATH}/Podfile.lock\" \"${PODS_ROOT}/Manifest.lock\" > /dev/null\nif [ $? != 0 ] ; then\n    # print error to STDERR\n    echo \"error: The sandbox is not in sync with the Podfile.lock. Run 'pod install' or update your CocoaPods installation.\" >&2\n    exit 1\nfi\n# This output is used by Xcode 'outputs' to avoid re-running this script phase.\necho \"SUCCESS\" > \"${SCRIPT_OUTPUT_FILE_0}\"\n";
			showEnvVarsInLog = 0;
		};
		901C77AA075E26308BA7F693 /* [CP] Embed Pods Frameworks */ = {
			isa = PBXShellScriptBuildPhase;
			buildActionMask = 2147483647;
			files = (
			);
			inputPaths = (
				"${SRCROOT}/Pods/Target Support Files/Pods-ExamTask/Pods-ExamTask-frameworks.sh",
				"${BUILT_PRODUCTS_DIR}/AFNetworking/AFNetworking.framework",
			);
			name = "[CP] Embed Pods Frameworks";
			outputPaths = (
				"${TARGET_BUILD_DIR}/${FRAMEWORKS_FOLDER_PATH}/AFNetworking.framework",
			);
			runOnlyForDeploymentPostprocessing = 0;
			shellPath = /bin/sh;
			shellScript = "\"${SRCROOT}/Pods/Target Support Files/Pods-ExamTask/Pods-ExamTask-frameworks.sh\"\n";
			showEnvVarsInLog = 0;
		};
/* End PBXShellScriptBuildPhase section */

/* Begin PBXSourcesBuildPhase section */
		8727C50A20E3A3CE004DB06B /* Sources */ = {
			isa = PBXSourcesBuildPhase;
			buildActionMask = 2147483647;
			files = (
				876D16FE20E3AAD100E2AE9F /* DataLoader.m in Sources */,
				8727C52120E3A3D9004DB06B /* main.m in Sources */,
				876D16F820E3A88000E2AE9F /* MainViewController.m in Sources */,
				876D170220E3B1F500E2AE9F /* TableViewController.m in Sources */,
				8727C51320E3A3CE004DB06B /* AppDelegate.m in Sources */,
				876D170920E3E13A00E2AE9F /* DetailViewController.m in Sources */,
			);
			runOnlyForDeploymentPostprocessing = 0;
		};
/* End PBXSourcesBuildPhase section */

/* Begin PBXVariantGroup section */
		8727C51C20E3A3D9004DB06B /* LaunchScreen.storyboard */ = {
			isa = PBXVariantGroup;
			children = (
				8727C51D20E3A3D9004DB06B /* Base */,
			);
			name = LaunchScreen.storyboard;
			sourceTree = "<group>";
		};
/* End PBXVariantGroup section */

/* Begin XCBuildConfiguration section */
		8727C52220E3A3D9004DB06B /* Debug */ = {
			isa = XCBuildConfiguration;
			buildSettings = {
				ALWAYS_SEARCH_USER_PATHS = NO;
				CLANG_ANALYZER_NONNULL = YES;
				CLANG_ANALYZER_NUMBER_OBJECT_CONVERSION = YES_AGGRESSIVE;
				CLANG_CXX_LANGUAGE_STANDARD = "gnu++14";
				CLANG_CXX_LIBRARY = "libc++";
				CLANG_ENABLE_MODULES = YES;
				CLANG_ENABLE_OBJC_ARC = YES;
				CLANG_ENABLE_OBJC_WEAK = YES;
				CLANG_WARN_BLOCK_CAPTURE_AUTORELEASING = YES;
				CLANG_WARN_BOOL_CONVERSION = YES;
				CLANG_WARN_COMMA = YES;
				CLANG_WARN_CONSTANT_CONVERSION = YES;
				CLANG_WARN_DEPRECATED_OBJC_IMPLEMENTATIONS = YES;
				CLANG_WARN_DIRECT_OBJC_ISA_USAGE = YES_ERROR;
				CLANG_WARN_DOCUMENTATION_COMMENTS = YES;
				CLANG_WARN_EMPTY_BODY = YES;
				CLANG_WARN_ENUM_CONVERSION = YES;
				CLANG_WARN_INFINITE_RECURSION = YES;
				CLANG_WARN_INT_CONVERSION = YES;
				CLANG_WARN_NON_LITERAL_NULL_CONVERSION = YES;
				CLANG_WARN_OBJC_IMPLICIT_RETAIN_SELF = YES;
				CLANG_WARN_OBJC_LITERAL_CONVERSION = YES;
				CLANG_WARN_OBJC_ROOT_CLASS = YES_ERROR;
				CLANG_WARN_RANGE_LOOP_ANALYSIS = YES;
				CLANG_WARN_STRICT_PROTOTYPES = YES;
				CLANG_WARN_SUSPICIOUS_MOVE = YES;
				CLANG_WARN_UNGUARDED_AVAILABILITY = YES_AGGRESSIVE;
				CLANG_WARN_UNREACHABLE_CODE = YES;
				CLANG_WARN__DUPLICATE_METHOD_MATCH = YES;
				CODE_SIGN_IDENTITY = "iPhone Developer";
				COPY_PHASE_STRIP = NO;
				DEBUG_INFORMATION_FORMAT = dwarf;
				ENABLE_STRICT_OBJC_MSGSEND = YES;
				ENABLE_TESTABILITY = YES;
				GCC_C_LANGUAGE_STANDARD = gnu11;
				GCC_DYNAMIC_NO_PIC = NO;
				GCC_NO_COMMON_BLOCKS = YES;
				GCC_OPTIMIZATION_LEVEL = 0;
				GCC_PREPROCESSOR_DEFINITIONS = (
					"DEBUG=1",
					"$(inherited)",
				);
				GCC_WARN_64_TO_32_BIT_CONVERSION = YES;
				GCC_WARN_ABOUT_RETURN_TYPE = YES_ERROR;
				GCC_WARN_UNDECLARED_SELECTOR = YES;
				GCC_WARN_UNINITIALIZED_AUTOS = YES_AGGRESSIVE;
				GCC_WARN_UNUSED_FUNCTION = YES;
				GCC_WARN_UNUSED_VARIABLE = YES;
				IPHONEOS_DEPLOYMENT_TARGET = 11.4;
				MTL_ENABLE_DEBUG_INFO = YES;
				ONLY_ACTIVE_ARCH = YES;
				SDKROOT = iphoneos;
			};
			name = Debug;
		};
		8727C52320E3A3D9004DB06B /* Release */ = {
			isa = XCBuildConfiguration;
			buildSettings = {
				ALWAYS_SEARCH_USER_PATHS = NO;
				CLANG_ANALYZER_NONNULL = YES;
				CLANG_ANALYZER_NUMBER_OBJECT_CONVERSION = YES_AGGRESSIVE;
				CLANG_CXX_LANGUAGE_STANDARD = "gnu++14";
				CLANG_CXX_LIBRARY = "libc++";
				CLANG_ENABLE_MODULES = YES;
				CLANG_ENABLE_OBJC_ARC = YES;
				CLANG_ENABLE_OBJC_WEAK = YES;
				CLANG_WARN_BLOCK_CAPTURE_AUTORELEASING = YES;
				CLANG_WARN_BOOL_CONVERSION = YES;
				CLANG_WARN_COMMA = YES;
				CLANG_WARN_CONSTANT_CONVERSION = YES;
				CLANG_WARN_DEPRECATED_OBJC_IMPLEMENTATIONS = YES;
				CLANG_WARN_DIRECT_OBJC_ISA_USAGE = YES_ERROR;
				CLANG_WARN_DOCUMENTATION_COMMENTS = YES;
				CLANG_WARN_EMPTY_BODY = YES;
				CLANG_WARN_ENUM_CONVERSION = YES;
				CLANG_WARN_INFINITE_RECURSION = YES;
				CLANG_WARN_INT_CONVERSION = YES;
				CLANG_WARN_NON_LITERAL_NULL_CONVERSION = YES;
				CLANG_WARN_OBJC_IMPLICIT_RETAIN_SELF = YES;
				CLANG_WARN_OBJC_LITERAL_CONVERSION = YES;
				CLANG_WARN_OBJC_ROOT_CLASS = YES_ERROR;
				CLANG_WARN_RANGE_LOOP_ANALYSIS = YES;
				CLANG_WARN_STRICT_PROTOTYPES = YES;
				CLANG_WARN_SUSPICIOUS_MOVE = YES;
				CLANG_WARN_UNGUARDED_AVAILABILITY = YES_AGGRESSIVE;
				CLANG_WARN_UNREACHABLE_CODE = YES;
				CLANG_WARN__DUPLICATE_METHOD_MATCH = YES;
				CODE_SIGN_IDENTITY = "iPhone Developer";
				COPY_PHASE_STRIP = NO;
				DEBUG_INFORMATION_FORMAT = "dwarf-with-dsym";
				ENABLE_NS_ASSERTIONS = NO;
				ENABLE_STRICT_OBJC_MSGSEND = YES;
				GCC_C_LANGUAGE_STANDARD = gnu11;
				GCC_NO_COMMON_BLOCKS = YES;
				GCC_WARN_64_TO_32_BIT_CONVERSION = YES;
				GCC_WARN_ABOUT_RETURN_TYPE = YES_ERROR;
				GCC_WARN_UNDECLARED_SELECTOR = YES;
				GCC_WARN_UNINITIALIZED_AUTOS = YES_AGGRESSIVE;
				GCC_WARN_UNUSED_FUNCTION = YES;
				GCC_WARN_UNUSED_VARIABLE = YES;
				IPHONEOS_DEPLOYMENT_TARGET = 11.4;
				MTL_ENABLE_DEBUG_INFO = NO;
				SDKROOT = iphoneos;
				VALIDATE_PRODUCT = YES;
			};
			name = Release;
		};
		8727C52520E3A3D9004DB06B /* Debug */ = {
			isa = XCBuildConfiguration;
			baseConfigurationReference = CA37C264FFC077CC464500BF /* Pods-ExamTask.debug.xcconfig */;
			buildSettings = {
				ASSETCATALOG_COMPILER_APPICON_NAME = AppIcon;
				CODE_SIGN_STYLE = Automatic;
				DEVELOPMENT_TEAM = F52N69662H;
				INFOPLIST_FILE = ExamTask/Info.plist;
				LD_RUNPATH_SEARCH_PATHS = (
					"$(inherited)",
					"@executable_path/Frameworks",
				);
				PRODUCT_BUNDLE_IDENTIFIER = mera.prokopenko.ExamTask;
				PRODUCT_NAME = "$(TARGET_NAME)";
				TARGETED_DEVICE_FAMILY = "1,2";
			};
			name = Debug;
		};
		8727C52620E3A3D9004DB06B /* Release */ = {
			isa = XCBuildConfiguration;
			baseConfigurationReference = BBB9EFD69B985373B059F259 /* Pods-ExamTask.release.xcconfig */;
			buildSettings = {
				ASSETCATALOG_COMPILER_APPICON_NAME = AppIcon;
				CODE_SIGN_STYLE = Automatic;
				DEVELOPMENT_TEAM = F52N69662H;
				INFOPLIST_FILE = ExamTask/Info.plist;
				LD_RUNPATH_SEARCH_PATHS = (
					"$(inherited)",
					"@executable_path/Frameworks",
				);
				PRODUCT_BUNDLE_IDENTIFIER = mera.prokopenko.ExamTask;
				PRODUCT_NAME = "$(TARGET_NAME)";
				TARGETED_DEVICE_FAMILY = "1,2";
			};
			name = Release;
		};
/* End XCBuildConfiguration section */

/* Begin XCConfigurationList section */
		8727C50920E3A3CE004DB06B /* Build configuration list for PBXProject "ExamTask" */ = {
			isa = XCConfigurationList;
			buildConfigurations = (
				8727C52220E3A3D9004DB06B /* Debug */,
				8727C52320E3A3D9004DB06B /* Release */,
			);
			defaultConfigurationIsVisible = 0;
			defaultConfigurationName = Release;
		};
		8727C52420E3A3D9004DB06B /* Build configuration list for PBXNativeTarget "ExamTask" */ = {
			isa = XCConfigurationList;
			buildConfigurations = (
				8727C52520E3A3D9004DB06B /* Debug */,
				8727C52620E3A3D9004DB06B /* Release */,
			);
			defaultConfigurationIsVisible = 0;
			defaultConfigurationName = Release;
		};
/* End XCConfigurationList section */
	};
	rootObject = 8727C50620E3A3CE004DB06B /* Project object */;
}
